{
    "name": "back-utils",
    "version": "1.0.0",
    "lockfileVersion": 3,
    "requires": true,
    "packages": {
        "": {
            "name": "back-utils",
            "version": "1.0.0",
            "dependencies": {
                "bcryptjs": "^2.4.3",
                "class-validator": "^0.14.1",
                "crypto-js": "^4.2.0",
                "mask-js": "^2.1.0",
                "nodeenv": "^3.0.75"
            },
            "devDependencies": {
                "@types/bcryptjs": "^2.4.6",
                "@types/crypto-js": "^4.2.2"
            }
        },
        "node_modules/@types/bcryptjs": {
            "version": "2.4.6",
            "resolved": "https://registry.npmjs.org/@types/bcryptjs/-/bcryptjs-2.4.6.tgz",
            "integrity": "sha512-9xlo6R2qDs5uixm0bcIqCeMCE6HiQsIyel9KQySStiyqNl2tnj2mP3DX1Nf56MD6KMenNNlBBsy3LJ7gUEQPXQ==",
            "dev": true
        },
        "node_modules/@types/crypto-js": {
            "version": "4.2.2",
            "resolved": "https://registry.npmjs.org/@types/crypto-js/-/crypto-js-4.2.2.tgz",
            "integrity": "sha512-sDOLlVbHhXpAUAL0YHDUUwDZf3iN4Bwi4W6a0W0b+QcAezUbRtH4FVb+9J4h+XFPW7l/gQ9F8qC7P+Ec4k8QVQ==",
            "dev": true
        },
        "node_modules/@types/node": {
            "version": "18.7.16",
            "resolved": "https://registry.npmjs.org/@types/node/-/node-18.7.16.tgz",
            "integrity": "sha512-EQHhixfu+mkqHMZl1R2Ovuvn47PUw18azMJOTwSZr9/fhzHNGXAJ0ma0dayRVchprpCj0Kc1K1xKoWaATWF1qg=="
        },
        "node_modules/@types/validator": {
            "version": "13.11.8",
            "resolved": "https://registry.npmjs.org/@types/validator/-/validator-13.11.8.tgz",
            "integrity": "sha512-c/hzNDBh7eRF+KbCf+OoZxKbnkpaK/cKp9iLQWqB7muXtM+MtL9SUUH8vCFcLn6dH1Qm05jiexK0ofWY7TfOhQ=="
        },
        "node_modules/bcryptjs": {
            "version": "2.4.3",
            "resolved": "https://registry.npmjs.org/bcryptjs/-/bcryptjs-2.4.3.tgz",
            "integrity": "sha512-V/Hy/X9Vt7f3BbPJEi8BdVFMByHi+jNXrYkW3huaybV/kQ0KJg0Y6PkEMbn+zeT+i+SiKZ/HMqJGIIt4LZDqNQ=="
        },
        "node_modules/class-validator": {
            "version": "0.14.1",
            "resolved": "https://registry.npmjs.org/class-validator/-/class-validator-0.14.1.tgz",
            "integrity": "sha512-2VEG9JICxIqTpoK1eMzZqaV+u/EiwEJkMGzTrZf6sU/fwsnOITVgYJ8yojSy6CaXtO9V0Cc6ZQZ8h8m4UBuLwQ==",
            "dependencies": {
                "@types/validator": "^13.11.8",
                "libphonenumber-js": "^1.10.53",
                "validator": "^13.9.0"
            }
        },
        "node_modules/crypto-js": {
            "version": "4.2.0",
            "resolved": "https://registry.npmjs.org/crypto-js/-/crypto-js-4.2.0.tgz",
            "integrity": "sha512-KALDyEYgpY+Rlob/iriUtjV6d5Eq+Y191A5g4UqLAi8CyGP9N1+FdVbkc1SxKc2r4YAYqG8JzO2KGL+AizD70Q=="
        },
        "node_modules/libphonenumber-js": {
            "version": "1.10.54",
            "resolved": "https://registry.npmjs.org/libphonenumber-js/-/libphonenumber-js-1.10.54.tgz",
            "integrity": "sha512-P+38dUgJsmh0gzoRDoM4F5jLbyfztkU6PY6eSK6S5HwTi/LPvnwXqVCQZlAy1FxZ5c48q25QhxGQ0pq+WQcSlQ=="
        },
        "node_modules/mask-js": {
            "version": "2.1.0",
            "resolved": "https://registry.npmjs.org/mask-js/-/mask-js-2.1.0.tgz",
            "integrity": "sha512-NFJMVnDyMXrITSnfH1E/JYtDm6fYgcvNERUc6l/CCE8dlINwuu0Kwh9CRshZ99dwioDviTfaQluYPOjZO7o1yg=="
        },
        "node_modules/nodeenv": {
            "version": "3.0.75",
            "resolved": "https://registry.npmjs.org/nodeenv/-/nodeenv-3.0.75.tgz",
            "integrity": "sha512-VbuRIbTfOsEvwqVoIjJtFKzHd6XiWq07Y4NI31+WYGUhDm/HCcBSqouEwKHg67wa7rBnq006QTTJfvG8XPyruA==",
            "dependencies": {
                "@types/node": "18.7.16"
            }
        },
        "node_modules/validator": {
            "version": "13.11.0",
            "resolved": "https://registry.npmjs.org/validator/-/validator-13.11.0.tgz",
            "integrity": "sha512-Ii+sehpSfZy+At5nPdnyMhx78fEoPDkR2XW/zimHEL3MyGJQOCQ7WeP20jPYRz7ZCpcKLB21NxuXHF3bxjStBQ==",
            "engines": {
                "node": ">= 0.10"
            }
        }
    }
}
